# This file is automatically @generated by Poetry 2.2.1 and should not be changed by hand.

[[package]]
name = "html5rdf"
version = "1.2.1"
description = "HTML parser based on the WHATWG HTML specification"
optional = false
python-versions = ">=3.8"
groups = ["main"]
files = [
    {file = "html5rdf-1.2.1-py2.py3-none-any.whl", hash = "sha256:1f519121bc366af3e485310dc8041d2e86e5173c1a320fac3dc9d2604069b83e"},
    {file = "html5rdf-1.2.1.tar.gz", hash = "sha256:ace9b420ce52995bb4f05e7425eedf19e433c981dfe7a831ab391e2fa2e1a195"},
]

[[package]]
name = "owlrl"
version = "7.6.2"
description = "A simple implementation of the OWL2 RL Profile, as well as a basic RDFS inference, on top of RDFLib. Based mechanical forward chaining."
optional = false
python-versions = ">=3.9"
groups = ["main"]
files = [
    {file = "owlrl-7.6.2-py3-none-any.whl", hash = "sha256:83347bf7f133979e87b2b18695d51d25510b99cec3f6919b5df05d4fbf058ae0"},
    {file = "owlrl-7.6.2.tar.gz", hash = "sha256:c743f35c2d908396e77823852bb1ebbce88340cd49961493983bec42c93283a8"},
]

[package.dependencies]
rdflib = ">=7.6.0"

[package.extras]
oxigraph = ["pyoxigraph (>=0.5.6)"]

[[package]]
name = "packaging"
version = "26.3"
description = "Core utilities for Python packages"
optional = false
python-versions = ">=3.9"
groups = ["main"]
files = [
    {file = "packaging-26.3-py3-none-any.whl", hash = "sha256:d7193f7c8e4e93f444fde0262bf90af30e16fa0ad0ad44cb553c87339b23cd1c"},
    {file = "packaging-26.3.tar.gz", hash = "sha256:94edc256424af38762eb31306eed28beb9f0efc50a8837492c9d6fd6004aed79"},
]

[[package]]
name = "prettytable"
version = "3.18.0"
description = "A simple Python library for easily displaying tabular data in a visually appealing ASCII table format"
optional = false
python-versions = ">=3.10"
groups = ["main"]
files = [
    {file = "prettytable-3.18.0-py3-none-any.whl", hash = "sha256:b3346e0e6f79180833aebaac088ae926340586cf6d7d991b9eb125b65f72313a"},
    {file = "prettytable-3.18.0.tar.gz", hash = "sha256:439217116152244369caf3d9f1caf2f9fe29b03bd79e88d2928c8e718c95d680"},
]

[package.dependencies]
wcwidth = ">=0.3.5"

[package.extras]
tests = ["pytest (>=9)", "pytest-cov", "pytest-lazy-fixtures"]

[[package]]
name = "pyparsing"
version = "3.3.2"
description = "pyparsing - Classes and methods to define and execute parsing grammars"
optional = false
python-versions = ">=3.9"
groups = ["main"]
files = [
    {file = "pyparsing-3.3.2-py3-none-any.whl", hash = "sha256:850ba148bd908d7e2411587e247a1e4f0327839c40e2e5e6d05a007ecc69911d"},
    {file = "pyparsing-3.3.2.tar.gz", hash = "sha256:c777f4d763f140633dcb6d8a3eda953bf7a214dc4eff598413c070bcdc117cbc"},
]

[package.extras]
diagrams = ["jinja2", "railroad-diagrams"]

[[package]]
name = "pyshacl"
version = "0.40.1"
description = "Python SHACL Validator"
optional = false
python-versions = ">=3.9"
groups = ["main"]
files = [
    {file = "pyshacl-0.40.1-py3-none-any.whl", hash = "sha256:27dd58c8ddfa103303b4a8c40b2c666332ffc912dbcd3137f7adc7b7bc5e6bda"},
    {file = "pyshacl-0.40.1.tar.gz", hash = "sha256:011e3cf1a68b31747cb762ba3d755ae1bdcc464c8fad0dc212a9adc550719552"},
]

[package.dependencies]
owlrl = ">=7.6.2,<8"
packaging = ">=21.3"
prettytable = {version = ">=3.7.0", markers = "python_version >= \"3.12\""}
rdflib = {version = ">=7.3.0,<8.0", extras = ["html"]}

[package.extras]
dev-coverage = ["coverage (>6.1,!=6.1.1,<7)", "platformdirs", "pytest-cov (>=2.8.1,<3)"]
dev-lint = ["platformdirs", "ruff (>=0.9.3,<0.10)"]
dev-type-checking = ["mypy (>=1.13.0)", "platformdirs", "types-setuptools"]
http = ["sanic (>=22.12,<23)", "sanic-cors (==2.2.0)", "sanic-ext (>=23.3,<23.6)"]
js = ["pyduktape2 (>=0.4.6,<1) ; python_version <= \"3.13\"", "pyduktape2 (>=0.5.0,<1) ; python_version >= \"3.13\""]
oxigraph = ["pyoxigraph (>=0.5.6)"]

[[package]]
name = "rdflib"
version = "7.6.0"
description = "RDFLib is a Python library for working with RDF, a simple yet powerful language for representing information."
optional = false
python-versions = ">=3.8.1"
groups = ["main"]
files = [
    {file = "rdflib-7.6.0-py3-none-any.whl", hash = "sha256:30c0a3ebf4c0e09215f066be7246794b6492e054e782d7ac2a34c9f70a15e0dd"},
    {file = "rdflib-7.6.0.tar.gz", hash = "sha256:6c831288d5e4a5a7ece85d0ccde9877d512a3d0f02d7c06455d00d6d0ea379df"},
]

[package.dependencies]
html5rdf = {version = ">=1.2,<2", optional = true, markers = "extra == \"html\""}
pyparsing = ">=2.1.0,<4"

[package.extras]
berkeleydb = ["berkeleydb (>=18.1.0,<19.0.0)"]
graphdb = ["httpx (>=0.28.1,<0.29.0)"]
html = ["html5rdf (>=1.2,<2)"]
lxml = ["lxml (>=4.3,<6.0)"]
networkx = ["networkx (>=2,<4)"]
orjson = ["orjson (>=3.9.14,<4)"]
rdf4j = ["httpx (>=0.28.1,<0.29.0)"]

[[package]]
name = "wcwidth"
version = "0.8.2"
description = "Measures the displayed width of unicode strings in a terminal"
optional = false
python-versions = ">=3.8"
groups = ["main"]
files = [
    {file = "wcwidth-0.8.2-py3-none-any.whl", hash = "sha256:d63947694a0539a1d51e01eda7caf800c291020e6cdd7e28ad7b14dd33ad4f85"},
    {file = "wcwidth-0.8.2.tar.gz", hash = "sha256:91fbef97204b96a3d4d421609b80340b760cf33e26da123ff243d76b1fda8dda"},
]

[metadata]
lock-version = "2.1"
python-versions = ">=3.12"
content-hash = "b92b6994c7eeab22702a1ce4df5d3ea72cae55ff61f0be0a290d998939d768ea"
