# This file is automatically @generated by Poetry 2.4.1 and should not be changed by hand.

[[package]]
name = "html5rdf"
version = "1.2.1"
description = "HTML parser based on the WHATWG HTML specification"
optional = false
python-versions = ">=3.8"
groups = ["main"]
files = [
    {file = "html5rdf-1.2.1-py2.py3-none-any.whl", hash = "sha256:1f519121bc366af3e485310dc8041d2e86e5173c1a320fac3dc9d2604069b83e"},
    {file = "html5rdf-1.2.1.tar.gz", hash = "sha256:ace9b420ce52995bb4f05e7425eedf19e433c981dfe7a831ab391e2fa2e1a195"},
]

[[package]]
name = "owlrl"
version = "7.6.2"
description = "A simple implementation of the OWL2 RL Profile, as well as a basic RDFS inference, on top of RDFLib. Based mechanical forward chaining."
optional = false
python-versions = ">=3.9"
groups = ["main"]
files = [
    {file = "owlrl-7.6.2-py3-none-any.whl", hash = "sha256:83347bf7f133979e87b2b18695d51d25510b99cec3f6919b5df05d4fbf058ae0"},
    {file = "owlrl-7.6.2.tar.gz", hash = "sha256:c743f35c2d908396e77823852bb1ebbce88340cd49961493983bec42c93283a8"},
]

[package.dependencies]
rdflib = ">=7.6.0"

[package.extras]
oxigraph = ["pyoxigraph (>=0.5.6)"]

[[package]]
name = "packaging"
version = "26.3"
description = "Core utilities for Python packages"
optional = false
python-versions = ">=3.9"
groups = ["main"]
files = [
    {file = "packaging-26.3-py3-none-any.whl", hash = "sha256:d7193f7c8e4e93f444fde0262bf90af30e16fa0ad0ad44cb553c87339b23cd1c"},
    {file = "packaging-26.3.tar.gz", hash = "sha256:94edc256424af38762eb31306eed28beb9f0efc50a8837492c9d6fd6004aed79"},
]

[[package]]
name = "prettytable"
version = "3.18.0"
description = "A simple Python library for easily displaying tabular data in a visually appealing ASCII table format"
optional = false
python-versions = ">=3.10"
groups = ["main"]
files = [
    {file = "prettytable-3.18.0-py3-none-any.whl", hash = "sha256:b3346e0e6f79180833aebaac088ae926340586cf6d7d991b9eb125b65f72313a"},
    {file = "prettytable-3.18.0.tar.gz", hash = "sha256:439217116152244369caf3d9f1caf2f9fe29b03bd79e88d2928c8e718c95d680"},
]

[package.dependencies]
wcwidth = ">=0.3.5"

[package.extras]
tests = ["pytest (>=9)", "pytest-cov", "pytest-lazy-fixtures"]

[[package]]
name = "pyparsing"
version = "3.3.2"
description = "pyparsing - Classes and methods to define and execute parsing grammars"
optional = false
python-versions = ">=3.9"
groups = ["main"]
files = [
    {file = "pyparsing-3.3.2-py3-none-any.whl", hash = "sha256:850ba148bd908d7e2411587e247a1e4f0327839c40e2e5e6d05a007ecc69911d"},
    {file = "pyparsing-3.3.2.tar.gz", hash = "sha256:c777f4d763f140633dcb6d8a3eda953bf7a214dc4eff598413c070bcdc117cbc"},
]

[package.extras]
diagrams = ["jinja2", "railroad-diagrams"]

[[package]]
name = "pyshacl"
version = "0.40.1"
description = "Python SHACL Validator"
optional = false
python-versions = ">=3.9"
groups = ["main"]
files = [
    {file = "pyshacl-0.40.1-py3-none-any.whl", hash = "sha256:27dd58c8ddfa103303b4a8c40b2c666332ffc912dbcd3137f7adc7b7bc5e6bda"},
    {file = "pyshacl-0.40.1.tar.gz", hash = "sha256:011e3cf1a68b31747cb762ba3d755ae1bdcc464c8fad0dc212a9adc550719552"},
]

[package.dependencies]
owlrl = ">=7.6.2,<8"
packaging = ">=21.3"
prettytable = {version = ">=3.7.0", markers = "python_version >= \"3.12\""}
rdflib = {version = ">=7.3.0,<8.0", extras = ["html"]}

[package.extras]
dev-coverage = ["coverage (>6.1,!=6.1.1,<7)", "platformdirs", "pytest-cov (>=2.8.1,<3)"]
dev-lint = ["platformdirs", "ruff (>=0.9.3,<0.10)"]
dev-type-checking = ["mypy (>=1.13.0)", "platformdirs", "types-setuptools"]
http = ["sanic (>=22.12,<23)", "sanic-cors (==2.2.0)", "sanic-ext (>=23.3,<23.6)"]
js = ["pyduktape2 (>=0.4.6,<1) ; python_version <= \"3.13\"", "pyduktape2 (>=0.5.0,<1) ; python_version >= \"3.13\""]
oxigraph = ["pyoxigraph (>=0.5.6)"]

[[package]]
name = "rdflib"
version = "7.6.0"
description = "RDFLib is a Python library for working with RDF, a simple yet powerful language for representing information."
optional = false
python-versions = ">=3.8.1"
groups = ["main"]
files = [
    {file = "rdflib-7.6.0-py3-none-any.whl", hash = "sha256:30c0a3ebf4c0e09215f066be7246794b6492e054e782d7ac2a34c9f70a15e0dd"},
    {file = "rdflib-7.6.0.tar.gz", hash = "sha256:6c831288d5e4a5a7ece85d0ccde9877d512a3d0f02d7c06455d00d6d0ea379df"},
]

[package.dependencies]
html5rdf = {version = ">=1.2,<2", optional = true, markers = "extra == \"html\""}
pyparsing = ">=2.1.0,<4"

[package.extras]
berkeleydb = ["berkeleydb (>=18.1.0,<19.0.0)"]
graphdb = ["httpx (>=0.28.1,<0.29.0)"]
html = ["html5rdf (>=1.2,<2)"]
lxml = ["lxml (>=4.3,<6.0)"]
networkx = ["networkx (>=2,<4)"]
orjson = ["orjson (>=3.9.14,<4)"]
rdf4j = ["httpx (>=0.28.1,<0.29.0)"]

[[package]]
name = "ty"
version = "0.0.77"
description = "An extremely fast Python type checker, written in Rust."
optional = false
python-versions = ">=3.8"
groups = ["dev"]
files = [
    {file = "ty-0.0.77-py3-none-linux_armv6l.whl", hash = "sha256:ea76012f1ed387b6fc6500894fb8a7654b724c38713e263a23f12756f00e2469"},
    {file = "ty-0.0.77-py3-none-macosx_10_12_x86_64.whl", hash = "sha256:237a58c389e01d65c4693e0394feb0f0adea3fba0345c3b932d209084372f3d3"},
    {file = "ty-0.0.77-py3-none-macosx_11_0_arm64.whl", hash = "sha256:bbb8ae7a753b9a6af25725c314d0eca967e5fde5eebb7a35b04b0d763dfb9d7c"},
    {file = "ty-0.0.77-py3-none-manylinux_2_17_aarch64.manylinux2014_aarch64.whl", hash = "sha256:603620c063b718ddbe302f83fb0d7c01a13f1941c3b9763512a89c9bbfabba96"},
    {file = "ty-0.0.77-py3-none-manylinux_2_17_armv7l.manylinux2014_armv7l.whl", hash = "sha256:03f128cb8b204e22a18f4b01ef0194aa445f4edb080cb7d77621cb2ab353885c"},
    {file = "ty-0.0.77-py3-none-manylinux_2_17_i686.manylinux2014_i686.whl", hash = "sha256:97d1600ef69fc8e3b2310de1915cd34ba3b712fdc730cb02b713520956baec0a"},
    {file = "ty-0.0.77-py3-none-manylinux_2_17_ppc64le.manylinux2014_ppc64le.whl", hash = "sha256:dced0924a83b6d945fd48a29aa85e131fb98dc574f4c9a0e7c43d03eff373402"},
    {file = "ty-0.0.77-py3-none-manylinux_2_17_s390x.manylinux2014_s390x.whl", hash = "sha256:b14b002233a954115a04932b3a93d75a387569848276cf7bb0b5dc6b040001c4"},
    {file = "ty-0.0.77-py3-none-manylinux_2_17_x86_64.manylinux2014_x86_64.whl", hash = "sha256:581adf1ae1e48e00e89ec162913d559ddf75a7805646a13ffd68943c1b5e8daa"},
    {file = "ty-0.0.77-py3-none-manylinux_2_31_riscv64.whl", hash = "sha256:9bda523b40e06c643feb6d5d5bcbacc56a2bd9eed3d7cae1119452502bcd69b0"},
    {file = "ty-0.0.77-py3-none-musllinux_1_2_aarch64.whl", hash = "sha256:4b8b04d8c3af8148e963e950094bd53c8cc4d3a11f5f8764ff8d39627bd6e64a"},
    {file = "ty-0.0.77-py3-none-musllinux_1_2_armv7l.whl", hash = "sha256:33a9ff9be488edf4d6fac46c456198cc848d9641f418f1a83aa123825e93c6ec"},
    {file = "ty-0.0.77-py3-none-musllinux_1_2_i686.whl", hash = "sha256:61ad5467206e5ea6531c8aebebf1276c6150989a94a1d5974a84d9e0eeed5c38"},
    {file = "ty-0.0.77-py3-none-musllinux_1_2_x86_64.whl", hash = "sha256:1293b94f26d1f330424e3b97c20b434f7e2ac1938287b8588466c75ece6c0b10"},
    {file = "ty-0.0.77-py3-none-win32.whl", hash = "sha256:cb71152bdf56860375c790682cc3efc120aaf8e36f1cd6367773312905e82b50"},
    {file = "ty-0.0.77-py3-none-win_amd64.whl", hash = "sha256:86f01d4af8b006c9442a2de0ab949cc24462f8f9431bebc0b73f6166fbbca19f"},
    {file = "ty-0.0.77-py3-none-win_arm64.whl", hash = "sha256:942a3bb2a4786c80bd8ef4503e5024046617cdfcc550b56c1acc4817ce7ac144"},
    {file = "ty-0.0.77.tar.gz", hash = "sha256:8898f3097610f4a772ead6bfad7b204c7d76e8eb3a010c7285b9186278e0fb82"},
]

[[package]]
name = "wcwidth"
version = "0.8.2"
description = "Measures the displayed width of unicode strings in a terminal"
optional = false
python-versions = ">=3.8"
groups = ["main"]
files = [
    {file = "wcwidth-0.8.2-py3-none-any.whl", hash = "sha256:d63947694a0539a1d51e01eda7caf800c291020e6cdd7e28ad7b14dd33ad4f85"},
    {file = "wcwidth-0.8.2.tar.gz", hash = "sha256:91fbef97204b96a3d4d421609b80340b760cf33e26da123ff243d76b1fda8dda"},
]

[metadata]
lock-version = "2.1"
python-versions = ">=3.12"
content-hash = "d52b1a1711c6a8ed97aacf5bc0ef54a315da77ab204c38ae50d088d8f95b0569"
